# THIS IS AN AUTOGENERATED FILE. DO NOT EDIT THIS FILE DIRECTLY.
# yarn lockfile v1


"@fortawesome/fontawesome-free@^5.15.1":
  version "5.15.1"
  resolved "https://registry.yarnpkg.com/@fortawesome/fontawesome-free/-/fontawesome-free-5.15.1.tgz#ccfef6ddbe59f8fe8f694783e1d3eb88902dc5eb"
  integrity sha512-OEdH7SyC1suTdhBGW91/zBfR6qaIhThbcN8PUXtXilY4GYnSBbVqOntdHbC1vXwsDnX0Qix2m2+DSU1J51ybOQ==

bootstrap@^4.5:
  version "4.5.3"
  resolved "https://registry.yarnpkg.com/bootstrap/-/bootstrap-4.5.3.tgz#c6a72b355aaf323920be800246a6e4ef30997fe6"
  integrity sha512-o9ppKQioXGqhw8Z7mah6KdTYpNQY//tipnkxppWhPbiSWdD+1raYsnhwEZjkTHYbGee4cVQ0Rx65EhOY/HNLcQ==

desandro-classie@^1.0:
  version "1.0.1"
  resolved "https://registry.yarnpkg.com/desandro-classie/-/desandro-classie-1.0.1.tgz#aad4d0ba98c81cd8e8bf51acff70f8d5f9e51893"
  integrity sha1-qtTQupjIHNjov1Gs/3D41fnlGJM=

list.js@1.5:
  version "1.5.0"
  resolved "https://registry.yarnpkg.com/list.js/-/list.js-1.5.0.tgz#a4cbfc8281ddefc02fdb2d30c8748bfae25fbcda"
  integrity sha1-pMv8goHd78Av2y0wyHSL+uJfvNo=
  dependencies:
    string-natural-compare "^2.0.2"

normalize.css@^8.0:
  version "8.0.1"
  resolved "https://registry.yarnpkg.com/normalize.css/-/normalize.css-8.0.1.tgz#9b98a208738b9cc2634caacbc42d131c97487bf3"
  integrity sha512-qizSNPO93t1YUuUhP22btGOo3chcvDFqFaj2TRybP0DMxkHOCTYwp3n34fel4a31ORXy4m1Xq0Gyqpb5m33qIg==

string-natural-compare@^2.0.2:
  version "2.0.3"
  resolved "https://registry.yarnpkg.com/string-natural-compare/-/string-natural-compare-2.0.3.tgz#9dbe1dd65490a5fe14f7a5c9bc686fc67cb9c6e4"
  integrity sha512-4Kcl12rNjc+6EKhY8QyDVuQTAlMWwRiNbsxnVwBUKFr7dYPQuXVrtNU4sEkjF9LHY0AY6uVbB3ktbkIH4LC+BQ==
